
Microsoft Visual Studio Solution File, Format Version 12.00
# Visual Studio Version 17
VisualStudioVersion = 17.0.31903.59
MinimumVisualStudioVersion = 10.0.40219.1
Project("{2150E333-8FDC-42A3-9474-1A3956D46DE8}") = "src", "src", "{5BF6E336-14EE-437D-85B0-5C8A0F876195}"
EndProject
Project("{FAE04EC0-301F-11D3-BF4B-00C04F79EFBC}") = "DeskNest.Core", "src\DeskNest.Core\DeskNest.Core.csproj", "{78CDAAE3-F7A6-4A27-92B7-A54B7C3E9709}"
EndProject
Project("{FAE04EC0-301F-11D3-BF4B-00C04F79EFBC}") = "DeskNest.App", "src\DeskNest.App\DeskNest.App.csproj", "{F5925306-096B-47D7-9EED-9F058EEF6324}"
EndProject
Project("{2150E333-8FDC-42A3-9474-1A3956D46DE8}") = "tests", "tests", "{0E65F2EB-CE32-47E8-A53D-475C486FDCE1}"
EndProject
Project("{FAE04EC0-301F-11D3-BF4B-00C04F79EFBC}") = "DeskNest.Tests", "tests\DeskNest.Tests\DeskNest.Tests.csproj", "{D9F10AF3-2047-4DF7-BC33-04B1391673FB}"
EndProject
Project("{FAE04EC0-301F-11D3-BF4B-00C04F79EFBC}") = "DeskNest.UiSmoke", "tests\DeskNest.UiSmoke\DeskNest.UiSmoke.csproj", "{8FE07FD5-2411-448D-AA8F-1157EEC70343}"
EndProject
Global
	GlobalSection(SolutionConfigurationPlatforms) = preSolution
		Debug|Any CPU = Debug|Any CPU
		Release|Any CPU = Release|Any CPU
	EndGlobalSection
	GlobalSection(SolutionProperties) = preSolution
		HideSolutionNode = FALSE
	EndGlobalSection
	GlobalSection(ProjectConfigurationPlatforms) = postSolution
		{78CDAAE3-F7A6-4A27-92B7-A54B7C3E9709}.Debug|Any CPU.ActiveCfg = Debug|Any CPU
		{78CDAAE3-F7A6-4A27-92B7-A54B7C3E9709}.Debug|Any CPU.Build.0 = Debug|Any CPU
		{78CDAAE3-F7A6-4A27-92B7-A54B7C3E9709}.Release|Any CPU.ActiveCfg = Release|Any CPU
		{78CDAAE3-F7A6-4A27-92B7-A54B7C3E9709}.Release|Any CPU.Build.0 = Release|Any CPU
		{F5925306-096B-47D7-9EED-9F058EEF6324}.Debug|Any CPU.ActiveCfg = Debug|Any CPU
		{F5925306-096B-47D7-9EED-9F058EEF6324}.Debug|Any CPU.Build.0 = Debug|Any CPU
		{F5925306-096B-47D7-9EED-9F058EEF6324}.Release|Any CPU.ActiveCfg = Release|Any CPU
		{F5925306-096B-47D7-9EED-9F058EEF6324}.Release|Any CPU.Build.0 = Release|Any CPU
		{D9F10AF3-2047-4DF7-BC33-04B1391673FB}.Debug|Any CPU.ActiveCfg = Debug|Any CPU
		{D9F10AF3-2047-4DF7-BC33-04B1391673FB}.Debug|Any CPU.Build.0 = Debug|Any CPU
		{D9F10AF3-2047-4DF7-BC33-04B1391673FB}.Release|Any CPU.ActiveCfg = Release|Any CPU
		{D9F10AF3-2047-4DF7-BC33-04B1391673FB}.Release|Any CPU.Build.0 = Release|Any CPU
		{8FE07FD5-2411-448D-AA8F-1157EEC70343}.Debug|Any CPU.ActiveCfg = Debug|Any CPU
		{8FE07FD5-2411-448D-AA8F-1157EEC70343}.Debug|Any CPU.Build.0 = Debug|Any CPU
		{8FE07FD5-2411-448D-AA8F-1157EEC70343}.Release|Any CPU.ActiveCfg = Release|Any CPU
		{8FE07FD5-2411-448D-AA8F-1157EEC70343}.Release|Any CPU.Build.0 = Release|Any CPU
	EndGlobalSection
	GlobalSection(NestedProjects) = preSolution
		{78CDAAE3-F7A6-4A27-92B7-A54B7C3E9709} = {5BF6E336-14EE-437D-85B0-5C8A0F876195}
		{F5925306-096B-47D7-9EED-9F058EEF6324} = {5BF6E336-14EE-437D-85B0-5C8A0F876195}
		{D9F10AF3-2047-4DF7-BC33-04B1391673FB} = {0E65F2EB-CE32-47E8-A53D-475C486FDCE1}
		{8FE07FD5-2411-448D-AA8F-1157EEC70343} = {0E65F2EB-CE32-47E8-A53D-475C486FDCE1}
	EndGlobalSection
EndGlobal
